
Microsoft Visual Studio Solution File, Format Version 12.00
# Visual Studio Version 17
VisualStudioVersion = 17.5.002.0
MinimumVisualStudioVersion = 10.0.40219.1
Project("{9A19103F-16F7-4668-BE54-9A1E7A4F7556}") = "desafio-hospedagem", "desafio-hospedagem.csproj", "{0839BF5A-7E58-42B1-896C-95915167BE93}"
EndProject
Global
	GlobalSection(SolutionConfigurationPlatforms) = preSolution
		Debug|Any CPU = Debug|Any CPU
		Release|Any CPU = Release|Any CPU
	EndGlobalSection
	GlobalSection(ProjectConfigurationPlatforms) = postSolution
		{0839BF5A-7E58-42B1-896C-95915167BE93}.Debug|Any CPU.ActiveCfg = Debug|Any CPU
		{0839BF5A-7E58-42B1-896C-95915167BE93}.Debug|Any CPU.Build.0 = Debug|Any CPU
		{0839BF5A-7E58-42B1-896C-95915167BE93}.Release|Any CPU.ActiveCfg = Release|Any CPU
		{0839BF5A-7E58-42B1-896C-95915167BE93}.Release|Any CPU.Build.0 = Release|Any CPU
	EndGlobalSection
	GlobalSection(SolutionProperties) = preSolution
		HideSolutionNode = FALSE
	EndGlobalSection
	GlobalSection(ExtensibilityGlobals) = postSolution
		SolutionGuid = {095E5391-BEEC-4FFE-BB28-A67F68F6D6E6}
	EndGlobalSection
EndGlobal
